// !$*UTF8*$!
{
	archiveVersion = 1;
	classes = {
	};
	objectVersion = 46;
	objects = {

/* Begin PBXBuildFile section */
		1E4DE3721ACD5456008F4BCD /* RADLibTableViewController.m in Sources */ = {isa = PBXBuildFile; fileRef = 1E4DE3711ACD5456008F4BCD /* RADLibTableViewController.m */; };
		1E4DE38A1ACEEB83008F4BCD /* RADBookWebViewController.m in Sources */ = {isa = PBXBuildFile; fileRef = 1E4DE3881ACEEB83008F4BCD /* RADBookWebViewController.m */; };
		1E4DE38B1ACEEB83008F4BCD /* RADBookWebViewController.xib in Resources */ = {isa = PBXBuildFile; fileRef = 1E4DE3891ACEEB83008F4BCD /* RADBookWebViewController.xib */; };
		1E8B12991ACF183900BD6331 /* RADBookViewController~ipad.xib in Resources */ = {isa = PBXBuildFile; fileRef = 1E8B12981ACF183900BD6331 /* RADBookViewController~ipad.xib */; };
		1EC4F72C1AD1486000F96D5F /* launchscreen.png in Resources */ = {isa = PBXBuildFile; fileRef = 1EC4F72B1AD1486000F96D5F /* launchscreen.png */; };
		1ED6A3A91AC6A54B00AA9D69 /* main.m in Sources */ = {isa = PBXBuildFile; fileRef = 1ED6A3A81AC6A54B00AA9D69 /* main.m */; };
		1ED6A3AC1AC6A54B00AA9D69 /* AppDelegate.m in Sources */ = {isa = PBXBuildFile; fileRef = 1ED6A3AB1AC6A54B00AA9D69 /* AppDelegate.m */; };
		1ED6A3AE1AC6A54B00AA9D69 /* Images.xcassets in Resources */ = {isa = PBXBuildFile; fileRef = 1ED6A3AD1AC6A54B00AA9D69 /* Images.xcassets */; };
		1ED6A3B11AC6A54B00AA9D69 /* LaunchScreen.xib in Resources */ = {isa = PBXBuildFile; fileRef = 1ED6A3AF1AC6A54B00AA9D69 /* LaunchScreen.xib */; };
		1ED6A3BD1AC6A54B00AA9D69 /* RADHackerBooksTests.m in Sources */ = {isa = PBXBuildFile; fileRef = 1ED6A3BC1AC6A54B00AA9D69 /* RADHackerBooksTests.m */; };
		1ED6A3C81AC6A84E00AA9D69 /* RADBook.m in Sources */ = {isa = PBXBuildFile; fileRef = 1ED6A3C71AC6A84E00AA9D69 /* RADBook.m */; };
		1ED6A3CC1AC6AF3200AA9D69 /* RADLibrary.m in Sources */ = {isa = PBXBuildFile; fileRef = 1ED6A3CB1AC6AF3200AA9D69 /* RADLibrary.m */; };
		1ED6A3D01AC6C79200AA9D69 /* RADBookViewController.m in Sources */ = {isa = PBXBuildFile; fileRef = 1ED6A3CE1AC6C79200AA9D69 /* RADBookViewController.m */; };
		1ED6A3D11AC6C79200AA9D69 /* RADBookViewController.xib in Resources */ = {isa = PBXBuildFile; fileRef = 1ED6A3CF1AC6C79200AA9D69 /* RADBookViewController.xib */; };
/* End PBXBuildFile section */

/* Begin PBXContainerItemProxy section */
		1ED6A3B71AC6A54B00AA9D69 /* PBXContainerItemProxy */ = {
			isa = PBXContainerItemProxy;
			containerPortal = 1ED6A39B1AC6A54B00AA9D69 /* Project object */;
			proxyType = 1;
			remoteGlobalIDString = 1ED6A3A21AC6A54B00AA9D69;
			remoteInfo = RADHackerBooks;
		};
/* End PBXContainerItemProxy section */

/* Begin PBXFileReference section */
		1E4DE3701ACD5456008F4BCD /* RADLibTableViewController.h */ = {isa = PBXFileReference; fileEncoding = 4; lastKnownFileType = sourcecode.c.h; path = RADLibTableViewController.h; sourceTree = "<group>"; };
		1E4DE3711ACD5456008F4BCD /* RADLibTableViewController.m */ = {isa = PBXFileReference; fileEncoding = 4; lastKnownFileType = sourcecode.c.objc; path = RADLibTableViewController.m; sourceTree = "<group>"; };
		1E4DE3871ACEEB83008F4BCD /* RADBookWebViewController.h */ = {isa = PBXFileReference; fileEncoding = 4; lastKnownFileType = sourcecode.c.h; path = RADBookWebViewController.h; sourceTree = "<group>"; };
		1E4DE3881ACEEB83008F4BCD /* RADBookWebViewController.m */ = {isa = PBXFileReference; fileEncoding = 4; lastKnownFileType = sourcecode.c.objc; path = RADBookWebViewController.m; sourceTree = "<group>"; };
		1E4DE3891ACEEB83008F4BCD /* RADBookWebViewController.xib */ = {isa = PBXFileReference; fileEncoding = 4; lastKnownFileType = file.xib; path = RADBookWebViewController.xib; sourceTree = "<group>"; };
		1E8B12981ACF183900BD6331 /* RADBookViewController~ipad.xib */ = {isa = PBXFileReference; fileEncoding = 4; lastKnownFileType = file.xib; path = "RADBookViewController~ipad.xib"; sourceTree = "<group>"; };
		1EC4F72B1AD1486000F96D5F /* launchscreen.png */ = {isa = PBXFileReference; lastKnownFileType = image.png; path = launchscreen.png; sourceTree = "<group>"; };
		1ED6A3A31AC6A54B00AA9D69 /* RADHackerBooks.app */ = {isa = PBXFileReference; explicitFileType = wrapper.application; includeInIndex = 0; path = RADHackerBooks.app; sourceTree = BUILT_PRODUCTS_DIR; };
		1ED6A3A71AC6A54B00AA9D69 /* Info.plist */ = {isa = PBXFileReference; lastKnownFileType = text.plist.xml; path = Info.plist; sourceTree = "<group>"; };
		1ED6A3A81AC6A54B00AA9D69 /* main.m */ = {isa = PBXFileReference; lastKnownFileType = sourcecode.c.objc; path = main.m; sourceTree = "<group>"; };
		1ED6A3AA1AC6A54B00AA9D69 /* AppDelegate.h */ = {isa = PBXFileReference; lastKnownFileType = sourcecode.c.h; path = AppDelegate.h; sourceTree = "<group>"; };
		1ED6A3AB1AC6A54B00AA9D69 /* AppDelegate.m */ = {isa = PBXFileReference; lastKnownFileType = sourcecode.c.objc; path = AppDelegate.m; sourceTree = "<group>"; };
		1ED6A3AD1AC6A54B00AA9D69 /* Images.xcassets */ = {isa = PBXFileReference; lastKnownFileType = folder.assetcatalog; path = Images.xcassets; sourceTree = "<group>"; };
		1ED6A3B01AC6A54B00AA9D69 /* Base */ = {isa = PBXFileReference; lastKnownFileType = file.xib; name = Base; path = Base.lproj/LaunchScreen.xib; sourceTree = "<group>"; };
		1ED6A3B61AC6A54B00AA9D69 /* RADHackerBooksTests.xctest */ = {isa = PBXFileReference; explicitFileType = wrapper.cfbundle; includeInIndex = 0; path = RADHackerBooksTests.xctest; sourceTree = BUILT_PRODUCTS_DIR; };
		1ED6A3BB1AC6A54B00AA9D69 /* Info.plist */ = {isa = PBXFileReference; lastKnownFileType = text.plist.xml; path = Info.plist; sourceTree = "<group>"; };
		1ED6A3BC1AC6A54B00AA9D69 /* RADHackerBooksTests.m */ = {isa = PBXFileReference; lastKnownFileType = sourcecode.c.objc; path = RADHackerBooksTests.m; sourceTree = "<group>"; };
		1ED6A3C61AC6A84E00AA9D69 /* RADBook.h */ = {isa = PBXFileReference; fileEncoding = 4; lastKnownFileType = sourcecode.c.h; path = RADBook.h; sourceTree = "<group>"; };
		1ED6A3C71AC6A84E00AA9D69 /* RADBook.m */ = {isa = PBXFileReference; fileEncoding = 4; lastKnownFileType = sourcecode.c.objc; path = RADBook.m; sourceTree = "<group>"; };
		1ED6A3CA1AC6AF3200AA9D69 /* RADLibrary.h */ = {isa = PBXFileReference; fileEncoding = 4; lastKnownFileType = sourcecode.c.h; path = RADLibrary.h; sourceTree = "<group>"; };
		1ED6A3CB1AC6AF3200AA9D69 /* RADLibrary.m */ = {isa = PBXFileReference; fileEncoding = 4; lastKnownFileType = sourcecode.c.objc; path = RADLibrary.m; sourceTree = "<group>"; };
		1ED6A3CD1AC6C79200AA9D69 /* RADBookViewController.h */ = {isa = PBXFileReference; fileEncoding = 4; lastKnownFileType = sourcecode.c.h; path = RADBookViewController.h; sourceTree = "<group>"; };
		1ED6A3CE1AC6C79200AA9D69 /* RADBookViewController.m */ = {isa = PBXFileReference; fileEncoding = 4; lastKnownFileType = sourcecode.c.objc; path = RADBookViewController.m; sourceTree = "<group>"; };
		1ED6A3CF1AC6C79200AA9D69 /* RADBookViewController.xib */ = {isa = PBXFileReference; fileEncoding = 4; lastKnownFileType = file.xib; path = RADBookViewController.xib; sourceTree = "<group>"; };
		1ED6A3D31AC6D06E00AA9D69 /* Settings.h */ = {isa = PBXFileReference; lastKnownFileType = sourcecode.c.h; path = Settings.h; sourceTree = "<group>"; };
/* End PBXFileReference section */

/* Begin PBXFrameworksBuildPhase section */
		1ED6A3A01AC6A54B00AA9D69 /* Frameworks */ = {
			isa = PBXFrameworksBuildPhase;
			buildActionMask = 2147483647;
			files = (
			);
			runOnlyForDeploymentPostprocessing = 0;
		};
		1ED6A3B31AC6A54B00AA9D69 /* Frameworks */ = {
			isa = PBXFrameworksBuildPhase;
			buildActionMask = 2147483647;
			files = (
			);
			runOnlyForDeploymentPostprocessing = 0;
		};
/* End PBXFrameworksBuildPhase section */

/* Begin PBXGroup section */
		1ECF11971AC6F9D300C50228 /* Resources */ = {
			isa = PBXGroup;
			children = (
				1EC4F72B1AD1486000F96D5F /* launchscreen.png */,
			);
			name = Resources;
			sourceTree = "<group>";
		};
		1ED6A39A1AC6A54B00AA9D69 = {
			isa = PBXGroup;
			children = (
				1ED6A3A51AC6A54B00AA9D69 /* RADHackerBooks */,
				1ED6A3B91AC6A54B00AA9D69 /* RADHackerBooksTests */,
				1ED6A3A41AC6A54B00AA9D69 /* Products */,
			);
			sourceTree = "<group>";
		};
		1ED6A3A41AC6A54B00AA9D69 /* Products */ = {
			isa = PBXGroup;
			children = (
				1ED6A3A31AC6A54B00AA9D69 /* RADHackerBooks.app */,
				1ED6A3B61AC6A54B00AA9D69 /* RADHackerBooksTests.xctest */,
			);
			name = Products;
			sourceTree = "<group>";
		};
		1ED6A3A51AC6A54B00AA9D69 /* RADHackerBooks */ = {
			isa = PBXGroup;
			children = (
				1ECF11971AC6F9D300C50228 /* Resources */,
				1ED6A3AA1AC6A54B00AA9D69 /* AppDelegate.h */,
				1ED6A3AB1AC6A54B00AA9D69 /* AppDelegate.m */,
				1ED6A3AD1AC6A54B00AA9D69 /* Images.xcassets */,
				1ED6A3AF1AC6A54B00AA9D69 /* LaunchScreen.xib */,
				1ED6A3A61AC6A54B00AA9D69 /* Supporting Files */,
				1ED6A3C91AC6A85400AA9D69 /* Models */,
				1ED6A3D21AC6C79900AA9D69 /* Controllers */,
				1ED6A3D31AC6D06E00AA9D69 /* Settings.h */,
			);
			path = RADHackerBooks;
			sourceTree = "<group>";
		};
		1ED6A3A61AC6A54B00AA9D69 /* Supporting Files */ = {
			isa = PBXGroup;
			children = (
				1ED6A3A71AC6A54B00AA9D69 /* Info.plist */,
				1ED6A3A81AC6A54B00AA9D69 /* main.m */,
			);
			name = "Supporting Files";
			sourceTree = "<group>";
		};
		1ED6A3B91AC6A54B00AA9D69 /* RADHackerBooksTests */ = {
			isa = PBXGroup;
			children = (
				1ED6A3BC1AC6A54B00AA9D69 /* RADHackerBooksTests.m */,
				1ED6A3BA1AC6A54B00AA9D69 /* Supporting Files */,
			);
			path = RADHackerBooksTests;
			sourceTree = "<group>";
		};
		1ED6A3BA1AC6A54B00AA9D69 /* Supporting Files */ = {
			isa = PBXGroup;
			children = (
				1ED6A3BB1AC6A54B00AA9D69 /* Info.plist */,
			);
			name = "Supporting Files";
			sourceTree = "<group>";
		};
		1ED6A3C91AC6A85400AA9D69 /* Models */ = {
			isa = PBXGroup;
			children = (
				1ED6A3C61AC6A84E00AA9D69 /* RADBook.h */,
				1ED6A3C71AC6A84E00AA9D69 /* RADBook.m */,
				1ED6A3CA1AC6AF3200AA9D69 /* RADLibrary.h */,
				1ED6A3CB1AC6AF3200AA9D69 /* RADLibrary.m */,
			);
			name = Models;
			sourceTree = "<group>";
		};
		1ED6A3D21AC6C79900AA9D69 /* Controllers */ = {
			isa = PBXGroup;
			children = (
				1ED6A3CD1AC6C79200AA9D69 /* RADBookViewController.h */,
				1ED6A3CE1AC6C79200AA9D69 /* RADBookViewController.m */,
				1ED6A3CF1AC6C79200AA9D69 /* RADBookViewController.xib */,
				1E8B12981ACF183900BD6331 /* RADBookViewController~ipad.xib */,
				1E4DE3701ACD5456008F4BCD /* RADLibTableViewController.h */,
				1E4DE3711ACD5456008F4BCD /* RADLibTableViewController.m */,
				1E4DE3871ACEEB83008F4BCD /* RADBookWebViewController.h */,
				1E4DE3881ACEEB83008F4BCD /* RADBookWebViewController.m */,
				1E4DE3891ACEEB83008F4BCD /* RADBookWebViewController.xib */,
			);
			name = Controllers;
			sourceTree = "<group>";
		};
/* End PBXGroup section */

/* Begin PBXNativeTarget section */
		1ED6A3A21AC6A54B00AA9D69 /* RADHackerBooks */ = {
			isa = PBXNativeTarget;
			buildConfigurationList = 1ED6A3C01AC6A54B00AA9D69 /* Build configuration list for PBXNativeTarget "RADHackerBooks" */;
			buildPhases = (
				1ED6A39F1AC6A54B00AA9D69 /* Sources */,
				1ED6A3A01AC6A54B00AA9D69 /* Frameworks */,
				1ED6A3A11AC6A54B00AA9D69 /* Resources */,
			);
			buildRules = (
			);
			dependencies = (
			);
			name = RADHackerBooks;
			productName = RADHackerBooks;
			productReference = 1ED6A3A31AC6A54B00AA9D69 /* RADHackerBooks.app */;
			productType = "com.apple.product-type.application";
		};
		1ED6A3B51AC6A54B00AA9D69 /* RADHackerBooksTests */ = {
			isa = PBXNativeTarget;
			buildConfigurationList = 1ED6A3C31AC6A54B00AA9D69 /* Build configuration list for PBXNativeTarget "RADHackerBooksTests" */;
			buildPhases = (
				1ED6A3B21AC6A54B00AA9D69 /* Sources */,
				1ED6A3B31AC6A54B00AA9D69 /* Frameworks */,
				1ED6A3B41AC6A54B00AA9D69 /* Resources */,
			);
			buildRules = (
			);
			dependencies = (
				1ED6A3B81AC6A54B00AA9D69 /* PBXTargetDependency */,
			);
			name = RADHackerBooksTests;
			productName = RADHackerBooksTests;
			productReference = 1ED6A3B61AC6A54B00AA9D69 /* RADHackerBooksTests.xctest */;
			productType = "com.apple.product-type.bundle.unit-test";
		};
/* End PBXNativeTarget section */

/* Begin PBXProject section */
		1ED6A39B1AC6A54B00AA9D69 /* Project object */ = {
			isa = PBXProject;
			attributes = {
				CLASSPREFIX = RAD;
				LastUpgradeCheck = 0620;
				ORGANIZATIONNAME = Krainet;
				TargetAttributes = {
					1ED6A3A21AC6A54B00AA9D69 = {
						CreatedOnToolsVersion = 6.2;
						DevelopmentTeam = 65TEXX58WW;
					};
					1ED6A3B51AC6A54B00AA9D69 = {
						CreatedOnToolsVersion = 6.2;
						TestTargetID = 1ED6A3A21AC6A54B00AA9D69;
					};
				};
			};
			buildConfigurationList = 1ED6A39E1AC6A54B00AA9D69 /* Build configuration list for PBXProject "RADHackerBooks" */;
			compatibilityVersion = "Xcode 3.2";
			developmentRegion = English;
			hasScannedForEncodings = 0;
			knownRegions = (
				en,
				Base,
			);
			mainGroup = 1ED6A39A1AC6A54B00AA9D69;
			productRefGroup = 1ED6A3A41AC6A54B00AA9D69 /* Products */;
			projectDirPath = "";
			projectRoot = "";
			targets = (
				1ED6A3A21AC6A54B00AA9D69 /* RADHackerBooks */,
				1ED6A3B51AC6A54B00AA9D69 /* RADHackerBooksTests */,
			);
		};
/* End PBXProject section */

/* Begin PBXResourcesBuildPhase section */
		1ED6A3A11AC6A54B00AA9D69 /* Resources */ = {
			isa = PBXResourcesBuildPhase;
			buildActionMask = 2147483647;
			files = (
				1E4DE38B1ACEEB83008F4BCD /* RADBookWebViewController.xib in Resources */,
				1ED6A3D11AC6C79200AA9D69 /* RADBookViewController.xib in Resources */,
				1EC4F72C1AD1486000F96D5F /* launchscreen.png in Resources */,
				1ED6A3B11AC6A54B00AA9D69 /* LaunchScreen.xib in Resources */,
				1E8B12991ACF183900BD6331 /* RADBookViewController~ipad.xib in Resources */,
				1ED6A3AE1AC6A54B00AA9D69 /* Images.xcassets in Resources */,
			);
			runOnlyForDeploymentPostprocessing = 0;
		};
		1ED6A3B41AC6A54B00AA9D69 /* Resources */ = {
			isa = PBXResourcesBuildPhase;
			buildActionMask = 2147483647;
			files = (
			);
			runOnlyForDeploymentPostprocessing = 0;
		};
/* End PBXResourcesBuildPhase section */

/* Begin PBXSourcesBuildPhase section */
		1ED6A39F1AC6A54B00AA9D69 /* Sources */ = {
			isa = PBXSourcesBuildPhase;
			buildActionMask = 2147483647;
			files = (
				1E4DE3721ACD5456008F4BCD /* RADLibTableViewController.m in Sources */,
				1ED6A3D01AC6C79200AA9D69 /* RADBookViewController.m in Sources */,
				1ED6A3C81AC6A84E00AA9D69 /* RADBook.m in Sources */,
				1ED6A3AC1AC6A54B00AA9D69 /* AppDelegate.m in Sources */,
				1E4DE38A1ACEEB83008F4BCD /* RADBookWebViewController.m in Sources */,
				1ED6A3A91AC6A54B00AA9D69 /* main.m in Sources */,
				1ED6A3CC1AC6AF3200AA9D69 /* RADLibrary.m in Sources */,
			);
			runOnlyForDeploymentPostprocessing = 0;
		};
		1ED6A3B21AC6A54B00AA9D69 /* Sources */ = {
			isa = PBXSourcesBuildPhase;
			buildActionMask = 2147483647;
			files = (
				1ED6A3BD1AC6A54B00AA9D69 /* RADHackerBooksTests.m in Sources */,
			);
			runOnlyForDeploymentPostprocessing = 0;
		};
/* End PBXSourcesBuildPhase section */

/* Begin PBXTargetDependency section */
		1ED6A3B81AC6A54B00AA9D69 /* PBXTargetDependency */ = {
			isa = PBXTargetDependency;
			target = 1ED6A3A21AC6A54B00AA9D69 /* RADHackerBooks */;
			targetProxy = 1ED6A3B71AC6A54B00AA9D69 /* PBXContainerItemProxy */;
		};
/* End PBXTargetDependency section */

/* Begin PBXVariantGroup section */
		1ED6A3AF1AC6A54B00AA9D69 /* LaunchScreen.xib */ = {
			isa = PBXVariantGroup;
			children = (
				1ED6A3B01AC6A54B00AA9D69 /* Base */,
			);
			name = LaunchScreen.xib;
			sourceTree = "<group>";
		};
/* End PBXVariantGroup section */

/* Begin XCBuildConfiguration section */
		1ED6A3BE1AC6A54B00AA9D69 /* Debug */ = {
			isa = XCBuildConfiguration;
			buildSettings = {
				ALWAYS_SEARCH_USER_PATHS = NO;
				CLANG_CXX_LANGUAGE_STANDARD = "gnu++0x";
				CLANG_CXX_LIBRARY = "libc++";
				CLANG_ENABLE_MODULES = YES;
				CLANG_ENABLE_OBJC_ARC = YES;
				CLANG_WARN_BOOL_CONVERSION = YES;
				CLANG_WARN_CONSTANT_CONVERSION = YES;
				CLANG_WARN_DIRECT_OBJC_ISA_USAGE = YES_ERROR;
				CLANG_WARN_EMPTY_BODY = YES;
				CLANG_WARN_ENUM_CONVERSION = YES;
				CLANG_WARN_INT_CONVERSION = YES;
				CLANG_WARN_OBJC_ROOT_CLASS = YES_ERROR;
				CLANG_WARN_UNREACHABLE_CODE = YES;
				CLANG_WARN__DUPLICATE_METHOD_MATCH = YES;
				"CODE_SIGN_IDENTITY[sdk=iphoneos*]" = "iPhone Developer";
				COPY_PHASE_STRIP = NO;
				ENABLE_STRICT_OBJC_MSGSEND = YES;
				GCC_C_LANGUAGE_STANDARD = gnu99;
				GCC_DYNAMIC_NO_PIC = NO;
				GCC_OPTIMIZATION_LEVEL = 0;
				GCC_PREPROCESSOR_DEFINITIONS = (
					"DEBUG=1",
					"$(inherited)",
				);
				GCC_SYMBOLS_PRIVATE_EXTERN = NO;
				GCC_WARN_64_TO_32_BIT_CONVERSION = YES;
				GCC_WARN_ABOUT_RETURN_TYPE = YES_ERROR;
				GCC_WARN_UNDECLARED_SELECTOR = YES;
				GCC_WARN_UNINITIALIZED_AUTOS = YES_AGGRESSIVE;
				GCC_WARN_UNUSED_FUNCTION = YES;
				GCC_WARN_UNUSED_VARIABLE = YES;
				IPHONEOS_DEPLOYMENT_TARGET = 8.2;
				MTL_ENABLE_DEBUG_INFO = YES;
				ONLY_ACTIVE_ARCH = YES;
				SDKROOT = iphoneos;
				TARGETED_DEVICE_FAMILY = 2;
			};
			name = Debug;
		};
		1ED6A3BF1AC6A54B00AA9D69 /* Release */ = {
			isa = XCBuildConfiguration;
			buildSettings = {
				ALWAYS_SEARCH_USER_PATHS = NO;
				CLANG_CXX_LANGUAGE_STANDARD = "gnu++0x";
				CLANG_CXX_LIBRARY = "libc++";
				CLANG_ENABLE_MODULES = YES;
				CLANG_ENABLE_OBJC_ARC = YES;
				CLANG_WARN_BOOL_CONVERSION = YES;
				CLANG_WARN_CONSTANT_CONVERSION = YES;
				CLANG_WARN_DIRECT_OBJC_ISA_USAGE = YES_ERROR;
				CLANG_WARN_EMPTY_BODY = YES;
				CLANG_WARN_ENUM_CONVERSION = YES;
				CLANG_WARN_INT_CONVERSION = YES;
				CLANG_WARN_OBJC_ROOT_CLASS = YES_ERROR;
				CLANG_WARN_UNREACHABLE_CODE = YES;
				CLANG_WARN__DUPLICATE_METHOD_MATCH = YES;
				"CODE_SIGN_IDENTITY[sdk=iphoneos*]" = "iPhone Developer";
				COPY_PHASE_STRIP = NO;
				ENABLE_NS_ASSERTIONS = NO;
				ENABLE_STRICT_OBJC_MSGSEND = YES;
				GCC_C_LANGUAGE_STANDARD = gnu99;
				GCC_WARN_64_TO_32_BIT_CONVERSION = YES;
				GCC_WARN_ABOUT_RETURN_TYPE = YES_ERROR;
				GCC_WARN_UNDECLARED_SELECTOR = YES;
				GCC_WARN_UNINITIALIZED_AUTOS = YES_AGGRESSIVE;
				GCC_WARN_UNUSED_FUNCTION = YES;
				GCC_WARN_UNUSED_VARIABLE = YES;
				IPHONEOS_DEPLOYMENT_TARGET = 8.2;
				MTL_ENABLE_DEBUG_INFO = NO;
				SDKROOT = iphoneos;
				TARGETED_DEVICE_FAMILY = 2;
				VALIDATE_PRODUCT = YES;
			};
			name = Release;
		};
		1ED6A3C11AC6A54B00AA9D69 /* Debug */ = {
			isa = XCBuildConfiguration;
			buildSettings = {
				ASSETCATALOG_COMPILER_APPICON_NAME = AppIcon;
				CODE_SIGN_IDENTITY = "iPhone Developer";
				INFOPLIST_FILE = RADHackerBooks/Info.plist;
				LD_RUNPATH_SEARCH_PATHS = "$(inherited) @executable_path/Frameworks";
				PRODUCT_NAME = "$(TARGET_NAME)";
				TARGETED_DEVICE_FAMILY = "1,2";
			};
			name = Debug;
		};
		1ED6A3C21AC6A54B00AA9D69 /* Release */ = {
			isa = XCBuildConfiguration;
			buildSettings = {
				ASSETCATALOG_COMPILER_APPICON_NAME = AppIcon;
				CODE_SIGN_IDENTITY = "iPhone Developer";
				INFOPLIST_FILE = RADHackerBooks/Info.plist;
				LD_RUNPATH_SEARCH_PATHS = "$(inherited) @executable_path/Frameworks";
				PRODUCT_NAME = "$(TARGET_NAME)";
				TARGETED_DEVICE_FAMILY = "1,2";
			};
			name = Release;
		};
		1ED6A3C41AC6A54B00AA9D69 /* Debug */ = {
			isa = XCBuildConfiguration;
			buildSettings = {
				BUNDLE_LOADER = "$(TEST_HOST)";
				FRAMEWORK_SEARCH_PATHS = (
					"$(SDKROOT)/Developer/Library/Frameworks",
					"$(inherited)",
				);
				GCC_PREPROCESSOR_DEFINITIONS = (
					"DEBUG=1",
					"$(inherited)",
				);
				INFOPLIST_FILE = RADHackerBooksTests/Info.plist;
				LD_RUNPATH_SEARCH_PATHS = "$(inherited) @executable_path/Frameworks @loader_path/Frameworks";
				PRODUCT_NAME = "$(TARGET_NAME)";
				TEST_HOST = "$(BUILT_PRODUCTS_DIR)/RADHackerBooks.app/RADHackerBooks";
			};
			name = Debug;
		};
		1ED6A3C51AC6A54B00AA9D69 /* Release */ = {
			isa = XCBuildConfiguration;
			buildSettings = {
				BUNDLE_LOADER = "$(TEST_HOST)";
				FRAMEWORK_SEARCH_PATHS = (
					"$(SDKROOT)/Developer/Library/Frameworks",
					"$(inherited)",
				);
				INFOPLIST_FILE = RADHackerBooksTests/Info.plist;
				LD_RUNPATH_SEARCH_PATHS = "$(inherited) @executable_path/Frameworks @loader_path/Frameworks";
				PRODUCT_NAME = "$(TARGET_NAME)";
				TEST_HOST = "$(BUILT_PRODUCTS_DIR)/RADHackerBooks.app/RADHackerBooks";
			};
			name = Release;
		};
/* End XCBuildConfiguration section */

/* Begin XCConfigurationList section */
		1ED6A39E1AC6A54B00AA9D69 /* Build configuration list for PBXProject "RADHackerBooks" */ = {
			isa = XCConfigurationList;
			buildConfigurations = (
				1ED6A3BE1AC6A54B00AA9D69 /* Debug */,
				1ED6A3BF1AC6A54B00AA9D69 /* Release */,
			);
			defaultConfigurationIsVisible = 0;
			defaultConfigurationName = Release;
		};
		1ED6A3C01AC6A54B00AA9D69 /* Build configuration list for PBXNativeTarget "RADHackerBooks" */ = {
			isa = XCConfigurationList;
			buildConfigurations = (
				1ED6A3C11AC6A54B00AA9D69 /* Debug */,
				1ED6A3C21AC6A54B00AA9D69 /* Release */,
			);
			defaultConfigurationIsVisible = 0;
			defaultConfigurationName = Release;
		};
		1ED6A3C31AC6A54B00AA9D69 /* Build configuration list for PBXNativeTarget "RADHackerBooksTests" */ = {
			isa = XCConfigurationList;
			buildConfigurations = (
				1ED6A3C41AC6A54B00AA9D69 /* Debug */,
				1ED6A3C51AC6A54B00AA9D69 /* Release */,
			);
			defaultConfigurationIsVisible = 0;
			defaultConfigurationName = Release;
		};
/* End XCConfigurationList section */
	};
	rootObject = 1ED6A39B1AC6A54B00AA9D69 /* Project object */;
}
